
Microsoft Visual Studio Solution File, Format Version 12.00
# Visual Studio Version 17
VisualStudioVersion = 17.11.35222.181
MinimumVisualStudioVersion = 10.0.40219.1
Project("{FAE04EC0-301F-11D3-BF4B-00C04F79EFBC}") = "ExpenseTracker", "ExpenseTracker\ExpenseTracker.csproj", "{31938705-98F7-416B-8675-06BA020F8621}"
EndProject
Global
	GlobalSection(SolutionConfigurationPlatforms) = preSolution
		Debug|Any CPU = Debug|Any CPU
		Release|Any CPU = Release|Any CPU
	EndGlobalSection
	GlobalSection(ProjectConfigurationPlatforms) = postSolution
		{31938705-98F7-416B-8675-06BA020F8621}.Debug|Any CPU.ActiveCfg = Debug|Any CPU
		{31938705-98F7-416B-8675-06BA020F8621}.Debug|Any CPU.Build.0 = Debug|Any CPU
		{31938705-98F7-416B-8675-06BA020F8621}.Release|Any CPU.ActiveCfg = Release|Any CPU
		{31938705-98F7-416B-8675-06BA020F8621}.Release|Any CPU.Build.0 = Release|Any CPU
	EndGlobalSection
	GlobalSection(SolutionProperties) = preSolution
		HideSolutionNode = FALSE
	EndGlobalSection
	GlobalSection(ExtensibilityGlobals) = postSolution
		SolutionGuid = {F3289127-5F39-42D4-A3B4-AF85F7E959E5}
	EndGlobalSection
EndGlobal
